
Microsoft Visual Studio Solution File, Format Version 9.00
# Visual Studio 2005
Project("{E24C65DC-7377-472B-9ABA-BC803B73C61A}") = "C:\...\WebSite1\", ".", "{073A2ABE-2436-4235-9EA7-38E846152272}"
	ProjectSection(WebsiteProperties) = preProject
		Debug.AspNetCompiler.VirtualPath = "/WebSite1"
		Debug.AspNetCompiler.PhysicalPath = "..\..\WebSites\WebSite1\"
		Debug.AspNetCompiler.TargetPath = "PrecompiledWeb\WebSite1\"
		Debug.AspNetCompiler.Updateable = "true"
		Debug.AspNetCompiler.ForceOverwrite = "true"
		Debug.AspNetCompiler.FixedNames = "false"
		Debug.AspNetCompiler.Debug = "True"
		Release.AspNetCompiler.VirtualPath = "/WebSite1"
		Release.AspNetCompiler.PhysicalPath = "..\..\WebSites\WebSite1\"
		Release.AspNetCompiler.TargetPath = "PrecompiledWeb\WebSite1\"
		Release.AspNetCompiler.Updateable = "true"
		Release.AspNetCompiler.ForceOverwrite = "true"
		Release.AspNetCompiler.FixedNames = "false"
		Release.AspNetCompiler.Debug = "False"
		VWDPort = "1120"
		DefaultWebSiteLanguage = "Visual C#"
	EndProjectSection
EndProject
Global
	GlobalSection(SolutionConfigurationPlatforms) = preSolution
		Debug|.NET = Debug|.NET
	EndGlobalSection
	GlobalSection(ProjectConfigurationPlatforms) = postSolution
		{073A2ABE-2436-4235-9EA7-38E846152272}.Debug|.NET.ActiveCfg = Debug|.NET
		{073A2ABE-2436-4235-9EA7-38E846152272}.Debug|.NET.Build.0 = Debug|.NET
	EndGlobalSection
	GlobalSection(SolutionProperties) = preSolution
		HideSolutionNode = FALSE
	EndGlobalSection
EndGlobal
